Microsoft Visual Studio Solution File, Format Version 12.00
# Visual Studio Version 8
Project("{FAE04EC0-301F-11D3-BF4B-00C04F79EFBC}") = "SimulatedAnnealingOptimizerApp", "..\SimulatedAnnealing\SimulatedAnnealingOptimizerApp.csproj", "{8FF14195-D9ED-4D2A-AFDB-64CE02C568B7}"
EndProject
Project("{FAE04EC0-301F-11D3-BF4B-00C04F79EFBC}") = "SimulatedAnnealingTestApp", "SimulatedAnnealingTestApp.csproj", "{42983238-09A7-4BCE-9B8F-C26589401D3D}"
EndProject
Global
	GlobalSection(SolutionConfigurationPlatforms) = preSolution
		Debug|Any CPU = Debug|Any CPU
		Debug|x64 = Debug|x64
		Release|Any CPU = Release|Any CPU
		Release|x64 = Release|x64
		Debug|Any CPU = Debug|Any CPU
		Debug|x64 = Debug|x64
	EndGlobalSection
	GlobalSection(ProjectConfigurationPlatforms) = postSolution
		{8FF14195-D9ED-4D2A-AFDB-64CE02C568B7}.Debug|Any CPU.ActiveCfg = Debug|Any CPU
		{8FF14195-D9ED-4D2A-AFDB-64CE02C568B7}.Debug|Any CPU.Build.0 = Debug|Any CPU
		{8FF14195-D9ED-4D2A-AFDB-64CE02C568B7}.Debug|x64.ActiveCfg = Debug|x64
		{8FF14195-D9ED-4D2A-AFDB-64CE02C568B7}.Debug|x64.Build.0 = Debug|x64
		{8FF14195-D9ED-4D2A-AFDB-64CE02C568B7}.Release|Any CPU.ActiveCfg = Release|Any CPU
		{8FF14195-D9ED-4D2A-AFDB-64CE02C568B7}.Release|Any CPU.Build.0 = Release|Any CPU
		{8FF14195-D9ED-4D2A-AFDB-64CE02C568B7}.Release|x64.ActiveCfg = Release|x64
		{8FF14195-D9ED-4D2A-AFDB-64CE02C568B7}.Release|x64.Build.0 = Release|x64
		{8FF14195-D9ED-4D2A-AFDB-64CE02C568B7}.Debug|Any CPU.ActiveCfg = Debug|Any CPU
		{8FF14195-D9ED-4D2A-AFDB-64CE02C568B7}.Debug|Any CPU.Build.0 = Debug|Any CPU
		{8FF14195-D9ED-4D2A-AFDB-64CE02C568B7}.Debug|x64.ActiveCfg = Debug|x64
		{8FF14195-D9ED-4D2A-AFDB-64CE02C568B7}.Debug|x64.Build.0 = Debug|x64
		{42983238-09A7-4BCE-9B8F-C26589401D3D}.Debug|Any CPU.ActiveCfg = Debug|Any CPU
		{42983238-09A7-4BCE-9B8F-C26589401D3D}.Debug|Any CPU.Build.0 = Debug|Any CPU
		{42983238-09A7-4BCE-9B8F-C26589401D3D}.Debug|x64.ActiveCfg = Debug|x64
		{42983238-09A7-4BCE-9B8F-C26589401D3D}.Debug|x64.Build.0 = Debug|x64
		{42983238-09A7-4BCE-9B8F-C26589401D3D}.Release|Any CPU.ActiveCfg = Release|Any CPU
		{42983238-09A7-4BCE-9B8F-C26589401D3D}.Release|Any CPU.Build.0 = Release|Any CPU
		{42983238-09A7-4BCE-9B8F-C26589401D3D}.Release|x64.ActiveCfg = Release|x64
		{42983238-09A7-4BCE-9B8F-C26589401D3D}.Release|x64.Build.0 = Release|x64
		{42983238-09A7-4BCE-9B8F-C26589401D3D}.Debug|Any CPU.ActiveCfg = Debug|Any CPU
		{42983238-09A7-4BCE-9B8F-C26589401D3D}.Debug|Any CPU.Build.0 = Debug|Any CPU
		{42983238-09A7-4BCE-9B8F-C26589401D3D}.Debug|x64.ActiveCfg = Debug|x64
		{42983238-09A7-4BCE-9B8F-C26589401D3D}.Debug|x64.Build.0 = Debug|x64
	EndGlobalSection
	GlobalSection(SolutionProperties) = preSolution
		HideSolutionNode = FALSE
	EndGlobalSection
	GlobalSection(ExtensibilityGlobals) = postSolution
		SolutionGuid = {3975B3C8-9273-4AEB-8F1F-8D3FAF71D695}
	EndGlobalSection
	GlobalSection(StartupProject) = preSolution
		{42983238-09A7-4BCE-9B8F-C26589401D3D}.StartupProject = {42983238-09A7-4BCE-9B8F-C26589401D3D}
	EndGlobalSection
EndGlobal
