Microsoft Visual Studio Solution File, Format Version 12.00
# Visual Studio Version 8
Project("{FAE04EC0-301F-11D3-BF4B-00C04F79EFBC}") = "AdamOptimizer", "..\Adam\AdamOptimizer.csproj", "{F796A3E3-C742-410D-80FF-9533DABE6D39}"
EndProject
Project("{FAE04EC0-301F-11D3-BF4B-00C04F79EFBC}") = "AdamOptimizerTestProgram", "AdamOptimizerTestProgram.csproj", "{40DDEFDA-A6E1-4042-9EF6-ADF2A3792A62}"
EndProject
Global
	GlobalSection(SolutionConfigurationPlatforms) = preSolution
		Debug|Any CPU = Debug|Any CPU
		Debug|x64 = Debug|x64
		Release|Any CPU = Release|Any CPU
		Release|x64 = Release|x64
		Debug|Any CPU = Debug|Any CPU
		Debug|x64 = Debug|x64
	EndGlobalSection
	GlobalSection(ProjectConfigurationPlatforms) = postSolution
		{F796A3E3-C742-410D-80FF-9533DABE6D39}.Debug|Any CPU.ActiveCfg = Debug|Any CPU
		{F796A3E3-C742-410D-80FF-9533DABE6D39}.Debug|Any CPU.Build.0 = Debug|Any CPU
		{F796A3E3-C742-410D-80FF-9533DABE6D39}.Debug|x64.ActiveCfg = Debug|x64
		{F796A3E3-C742-410D-80FF-9533DABE6D39}.Debug|x64.Build.0 = Debug|x64
		{F796A3E3-C742-410D-80FF-9533DABE6D39}.Release|Any CPU.ActiveCfg = Release|Any CPU
		{F796A3E3-C742-410D-80FF-9533DABE6D39}.Release|Any CPU.Build.0 = Release|Any CPU
		{F796A3E3-C742-410D-80FF-9533DABE6D39}.Release|x64.ActiveCfg = Release|x64
		{F796A3E3-C742-410D-80FF-9533DABE6D39}.Release|x64.Build.0 = Release|x64
		{F796A3E3-C742-410D-80FF-9533DABE6D39}.Debug|Any CPU.ActiveCfg = Debug|Any CPU
		{F796A3E3-C742-410D-80FF-9533DABE6D39}.Debug|Any CPU.Build.0 = Debug|Any CPU
		{F796A3E3-C742-410D-80FF-9533DABE6D39}.Debug|x64.ActiveCfg = Debug|x64
		{F796A3E3-C742-410D-80FF-9533DABE6D39}.Debug|x64.Build.0 = Debug|x64
		{40DDEFDA-A6E1-4042-9EF6-ADF2A3792A62}.Debug|Any CPU.ActiveCfg = Debug|Any CPU
		{40DDEFDA-A6E1-4042-9EF6-ADF2A3792A62}.Debug|Any CPU.Build.0 = Debug|Any CPU
		{40DDEFDA-A6E1-4042-9EF6-ADF2A3792A62}.Debug|x64.ActiveCfg = Debug|x64
		{40DDEFDA-A6E1-4042-9EF6-ADF2A3792A62}.Debug|x64.Build.0 = Debug|x64
		{40DDEFDA-A6E1-4042-9EF6-ADF2A3792A62}.Release|Any CPU.ActiveCfg = Release|Any CPU
		{40DDEFDA-A6E1-4042-9EF6-ADF2A3792A62}.Release|Any CPU.Build.0 = Release|Any CPU
		{40DDEFDA-A6E1-4042-9EF6-ADF2A3792A62}.Release|x64.ActiveCfg = Release|x64
		{40DDEFDA-A6E1-4042-9EF6-ADF2A3792A62}.Release|x64.Build.0 = Release|x64
		{40DDEFDA-A6E1-4042-9EF6-ADF2A3792A62}.Debug|Any CPU.ActiveCfg = Debug|Any CPU
		{40DDEFDA-A6E1-4042-9EF6-ADF2A3792A62}.Debug|Any CPU.Build.0 = Debug|Any CPU
		{40DDEFDA-A6E1-4042-9EF6-ADF2A3792A62}.Debug|x64.ActiveCfg = Debug|x64
		{40DDEFDA-A6E1-4042-9EF6-ADF2A3792A62}.Debug|x64.Build.0 = Debug|x64
	EndGlobalSection
	GlobalSection(SolutionProperties) = preSolution
		HideSolutionNode = FALSE
	EndGlobalSection
	GlobalSection(ExtensibilityGlobals) = postSolution
		SolutionGuid = {9FBF3C01-1099-4832-8B86-BA86AAF6BAD4}
	EndGlobalSection
	GlobalSection(StartupProject) = preSolution
		{40DDEFDA-A6E1-4042-9EF6-ADF2A3792A62}.StartupProject = {40DDEFDA-A6E1-4042-9EF6-ADF2A3792A62}
	EndGlobalSection
EndGlobal
