Microsoft Visual Studio Solution File, Format Version 12.00
# Visual Studio Version 8
Project("{FAE04EC0-301F-11D3-BF4B-00C04F79EFBC}") = "ParticleSwarmOptimizer", "..\PSO\ParticleSwarmOptimizer.csproj", "{81A8BEF3-9D4C-4309-9F23-1C867985C26C}"
EndProject
Project("{FAE04EC0-301F-11D3-BF4B-00C04F79EFBC}") = "PSOTestProgram", "PSOTestProgram.csproj", "{1296F17F-31EA-4BD6-8281-A149BD81DCB5}"
EndProject
Global
	GlobalSection(SolutionConfigurationPlatforms) = preSolution
		Debug|Any CPU = Debug|Any CPU
		Debug|x64 = Debug|x64
		Release|Any CPU = Release|Any CPU
		Release|x64 = Release|x64
		Debug|Any CPU = Debug|Any CPU
		Debug|x64 = Debug|x64
	EndGlobalSection
	GlobalSection(ProjectConfigurationPlatforms) = postSolution
		{81A8BEF3-9D4C-4309-9F23-1C867985C26C}.Debug|Any CPU.ActiveCfg = Debug|Any CPU
		{81A8BEF3-9D4C-4309-9F23-1C867985C26C}.Debug|Any CPU.Build.0 = Debug|Any CPU
		{81A8BEF3-9D4C-4309-9F23-1C867985C26C}.Debug|x64.ActiveCfg = Debug|x64
		{81A8BEF3-9D4C-4309-9F23-1C867985C26C}.Debug|x64.Build.0 = Debug|x64
		{81A8BEF3-9D4C-4309-9F23-1C867985C26C}.Release|Any CPU.ActiveCfg = Release|Any CPU
		{81A8BEF3-9D4C-4309-9F23-1C867985C26C}.Release|Any CPU.Build.0 = Release|Any CPU
		{81A8BEF3-9D4C-4309-9F23-1C867985C26C}.Release|x64.ActiveCfg = Release|x64
		{81A8BEF3-9D4C-4309-9F23-1C867985C26C}.Release|x64.Build.0 = Release|x64
		{81A8BEF3-9D4C-4309-9F23-1C867985C26C}.Debug|Any CPU.ActiveCfg = Debug|Any CPU
		{81A8BEF3-9D4C-4309-9F23-1C867985C26C}.Debug|Any CPU.Build.0 = Debug|Any CPU
		{81A8BEF3-9D4C-4309-9F23-1C867985C26C}.Debug|x64.ActiveCfg = Debug|x64
		{81A8BEF3-9D4C-4309-9F23-1C867985C26C}.Debug|x64.Build.0 = Debug|x64
		{1296F17F-31EA-4BD6-8281-A149BD81DCB5}.Debug|Any CPU.ActiveCfg = Debug|Any CPU
		{1296F17F-31EA-4BD6-8281-A149BD81DCB5}.Debug|Any CPU.Build.0 = Debug|Any CPU
		{1296F17F-31EA-4BD6-8281-A149BD81DCB5}.Debug|x64.ActiveCfg = Debug|x64
		{1296F17F-31EA-4BD6-8281-A149BD81DCB5}.Debug|x64.Build.0 = Debug|x64
		{1296F17F-31EA-4BD6-8281-A149BD81DCB5}.Release|Any CPU.ActiveCfg = Release|Any CPU
		{1296F17F-31EA-4BD6-8281-A149BD81DCB5}.Release|Any CPU.Build.0 = Release|Any CPU
		{1296F17F-31EA-4BD6-8281-A149BD81DCB5}.Release|x64.ActiveCfg = Release|x64
		{1296F17F-31EA-4BD6-8281-A149BD81DCB5}.Release|x64.Build.0 = Release|x64
		{1296F17F-31EA-4BD6-8281-A149BD81DCB5}.Debug|Any CPU.ActiveCfg = Debug|Any CPU
		{1296F17F-31EA-4BD6-8281-A149BD81DCB5}.Debug|Any CPU.Build.0 = Debug|Any CPU
		{1296F17F-31EA-4BD6-8281-A149BD81DCB5}.Debug|x64.ActiveCfg = Debug|x64
		{1296F17F-31EA-4BD6-8281-A149BD81DCB5}.Debug|x64.Build.0 = Debug|x64
	EndGlobalSection
	GlobalSection(SolutionProperties) = preSolution
		HideSolutionNode = FALSE
	EndGlobalSection
	GlobalSection(ExtensibilityGlobals) = postSolution
		SolutionGuid = {1D65061E-D92A-4DA2-A753-7DA95DAA6783}
	EndGlobalSection
	GlobalSection(StartupProject) = preSolution
		{1296F17F-31EA-4BD6-8281-A149BD81DCB5}.StartupProject = {1296F17F-31EA-4BD6-8281-A149BD81DCB5}
	EndGlobalSection
EndGlobal
